# This file was generated by Aiken
# You typically do not need to edit this file

[[requirements]]
name = "aiken-lang/stdlib"
version = "74ae84be93367dc9fbbb6101137f9bf907385f42"
source = "github"

[[packages]]
name = "aiken-lang/stdlib"
version = "74ae84be93367dc9fbbb6101137f9bf907385f42"
requirements = []
source = "github"
